
Microsoft Visual Studio Solution File, Format Version 12.00
# Visual Studio 15
VisualStudioVersion = 15.0.27130.2027
MinimumVisualStudioVersion = 10.0.40219.1
Project("{9A19103F-16F7-4668-BE54-9A1E7A4F7556}") = "MockDatabase", "MockDatabase\MockDatabase.csproj", "{DDAC892C-FFB8-4F95-BA7D-09FB751365CB}"
EndProject
Project("{FAE04EC0-301F-11D3-BF4B-00C04F79EFBC}") = "MockDatabase.Sample", "MockDatabase.Testing\MockDatabase.Sample.csproj", "{A2215A69-4FF5-4DAE-8B6C-21FDBC686793}"
EndProject
Project("{FAE04EC0-301F-11D3-BF4B-00C04F79EFBC}") = "MockDatabase.Tests", "MockDatabase.Tests\MockDatabase.Tests.csproj", "{DE88EB21-899F-476A-BF49-E8A4EF9E38BA}"
EndProject
Project("{9A19103F-16F7-4668-BE54-9A1E7A4F7556}") = "MockDatabase.Core", "MockDatabase.Core\MockDatabase.Core.csproj", "{0257201D-3C15-4E58-87EB-9E180A5F26A9}"
EndProject
Global
	GlobalSection(SolutionConfigurationPlatforms) = preSolution
		Debug|Any CPU = Debug|Any CPU
		Release|Any CPU = Release|Any CPU
	EndGlobalSection
	GlobalSection(ProjectConfigurationPlatforms) = postSolution
		{DDAC892C-FFB8-4F95-BA7D-09FB751365CB}.Debug|Any CPU.ActiveCfg = Debug|Any CPU
		{DDAC892C-FFB8-4F95-BA7D-09FB751365CB}.Debug|Any CPU.Build.0 = Debug|Any CPU
		{DDAC892C-FFB8-4F95-BA7D-09FB751365CB}.Release|Any CPU.ActiveCfg = Release|Any CPU
		{DDAC892C-FFB8-4F95-BA7D-09FB751365CB}.Release|Any CPU.Build.0 = Release|Any CPU
		{A2215A69-4FF5-4DAE-8B6C-21FDBC686793}.Debug|Any CPU.ActiveCfg = Debug|Any CPU
		{A2215A69-4FF5-4DAE-8B6C-21FDBC686793}.Debug|Any CPU.Build.0 = Debug|Any CPU
		{A2215A69-4FF5-4DAE-8B6C-21FDBC686793}.Release|Any CPU.ActiveCfg = Release|Any CPU
		{A2215A69-4FF5-4DAE-8B6C-21FDBC686793}.Release|Any CPU.Build.0 = Release|Any CPU
		{DE88EB21-899F-476A-BF49-E8A4EF9E38BA}.Debug|Any CPU.ActiveCfg = Debug|Any CPU
		{DE88EB21-899F-476A-BF49-E8A4EF9E38BA}.Debug|Any CPU.Build.0 = Debug|Any CPU
		{DE88EB21-899F-476A-BF49-E8A4EF9E38BA}.Release|Any CPU.ActiveCfg = Release|Any CPU
		{DE88EB21-899F-476A-BF49-E8A4EF9E38BA}.Release|Any CPU.Build.0 = Release|Any CPU
		{0257201D-3C15-4E58-87EB-9E180A5F26A9}.Debug|Any CPU.ActiveCfg = Debug|Any CPU
		{0257201D-3C15-4E58-87EB-9E180A5F26A9}.Debug|Any CPU.Build.0 = Debug|Any CPU
		{0257201D-3C15-4E58-87EB-9E180A5F26A9}.Release|Any CPU.ActiveCfg = Release|Any CPU
		{0257201D-3C15-4E58-87EB-9E180A5F26A9}.Release|Any CPU.Build.0 = Release|Any CPU
	EndGlobalSection
	GlobalSection(SolutionProperties) = preSolution
		HideSolutionNode = FALSE
	EndGlobalSection
	GlobalSection(ExtensibilityGlobals) = postSolution
		SolutionGuid = {E1E543C3-B3F6-4EFE-8A0F-7924FC31652A}
	EndGlobalSection
EndGlobal
