
Microsoft Visual Studio Solution File, Format Version 12.00
# Visual Studio 15
VisualStudioVersion = 15.0.27130.2027
MinimumVisualStudioVersion = 10.0.40219.1
Project("{FAE04EC0-301F-11D3-BF4B-00C04F79EFBC}") = "MockDatabase.Tests", "MockDatabase.Tests\MockDatabase.Tests.csproj", "{DE88EB21-899F-476A-BF49-E8A4EF9E38BA}"
EndProject
Project("{9A19103F-16F7-4668-BE54-9A1E7A4F7556}") = "Cosmo.MockDatabase", "Cosmo.MockDatabase\Cosmo.MockDatabase.csproj", "{B4BB8DC8-F57E-44CE-9112-E3B921205182}"
EndProject
Project("{FAE04EC0-301F-11D3-BF4B-00C04F79EFBC}") = "Cosmo.MockDatabase.Core", "Cosmo.MockDatabase.Core\Cosmo.MockDatabase.Core.csproj", "{D071C07F-D302-4E6F-A68C-D1E15D6CEB71}"
EndProject
Global
	GlobalSection(SolutionConfigurationPlatforms) = preSolution
		Debug|Any CPU = Debug|Any CPU
		Release|Any CPU = Release|Any CPU
	EndGlobalSection
	GlobalSection(ProjectConfigurationPlatforms) = postSolution
		{DE88EB21-899F-476A-BF49-E8A4EF9E38BA}.Debug|Any CPU.ActiveCfg = Debug|Any CPU
		{DE88EB21-899F-476A-BF49-E8A4EF9E38BA}.Debug|Any CPU.Build.0 = Debug|Any CPU
		{DE88EB21-899F-476A-BF49-E8A4EF9E38BA}.Release|Any CPU.ActiveCfg = Release|Any CPU
		{DE88EB21-899F-476A-BF49-E8A4EF9E38BA}.Release|Any CPU.Build.0 = Release|Any CPU
		{B4BB8DC8-F57E-44CE-9112-E3B921205182}.Debug|Any CPU.ActiveCfg = Debug|Any CPU
		{B4BB8DC8-F57E-44CE-9112-E3B921205182}.Debug|Any CPU.Build.0 = Debug|Any CPU
		{B4BB8DC8-F57E-44CE-9112-E3B921205182}.Release|Any CPU.ActiveCfg = Release|Any CPU
		{B4BB8DC8-F57E-44CE-9112-E3B921205182}.Release|Any CPU.Build.0 = Release|Any CPU
		{D071C07F-D302-4E6F-A68C-D1E15D6CEB71}.Debug|Any CPU.ActiveCfg = Debug|Any CPU
		{D071C07F-D302-4E6F-A68C-D1E15D6CEB71}.Debug|Any CPU.Build.0 = Debug|Any CPU
		{D071C07F-D302-4E6F-A68C-D1E15D6CEB71}.Release|Any CPU.ActiveCfg = Release|Any CPU
		{D071C07F-D302-4E6F-A68C-D1E15D6CEB71}.Release|Any CPU.Build.0 = Release|Any CPU
	EndGlobalSection
	GlobalSection(SolutionProperties) = preSolution
		HideSolutionNode = FALSE
	EndGlobalSection
	GlobalSection(ExtensibilityGlobals) = postSolution
		SolutionGuid = {E1E543C3-B3F6-4EFE-8A0F-7924FC31652A}
	EndGlobalSection
EndGlobal
